// !$*UTF8*$!
{
	archiveVersion = 1;
	classes = {
	};
	objectVersion = 50;
	objects = {

/* Begin PBXBuildFile section */
		356310D420B343E1005B6371 /* Item.swift in Sources */ = {isa = PBXBuildFile; fileRef = 356310D320B343E1005B6371 /* Item.swift */; };
		359715F220A899C0003676BE /* AppDelegate.swift in Sources */ = {isa = PBXBuildFile; fileRef = 359715F120A899C0003676BE /* AppDelegate.swift */; };
		359715F420A899C0003676BE /* TodoListViewController.swift in Sources */ = {isa = PBXBuildFile; fileRef = 359715F320A899C0003676BE /* TodoListViewController.swift */; };
		359715F720A899C0003676BE /* Main.storyboard in Resources */ = {isa = PBXBuildFile; fileRef = 359715F520A899C0003676BE /* Main.storyboard */; };
		359715F920A899C1003676BE /* Assets.xcassets in Resources */ = {isa = PBXBuildFile; fileRef = 359715F820A899C1003676BE /* Assets.xcassets */; };
		359715FC20A899C1003676BE /* LaunchScreen.storyboard in Resources */ = {isa = PBXBuildFile; fileRef = 359715FA20A899C1003676BE /* LaunchScreen.storyboard */; };
/* End PBXBuildFile section */

/* Begin PBXFileReference section */
		356310D320B343E1005B6371 /* Item.swift */ = {isa = PBXFileReference; lastKnownFileType = sourcecode.swift; path = Item.swift; sourceTree = "<group>"; };
		359715EE20A899C0003676BE /* ToDli.app */ = {isa = PBXFileReference; explicitFileType = wrapper.application; includeInIndex = 0; path = ToDli.app; sourceTree = BUILT_PRODUCTS_DIR; };
		359715F120A899C0003676BE /* AppDelegate.swift */ = {isa = PBXFileReference; lastKnownFileType = sourcecode.swift; path = AppDelegate.swift; sourceTree = "<group>"; };
		359715F320A899C0003676BE /* TodoListViewController.swift */ = {isa = PBXFileReference; lastKnownFileType = sourcecode.swift; path = TodoListViewController.swift; sourceTree = "<group>"; };
		359715F620A899C0003676BE /* Base */ = {isa = PBXFileReference; lastKnownFileType = file.storyboard; name = Base; path = Base.lproj/Main.storyboard; sourceTree = "<group>"; };
		359715F820A899C1003676BE /* Assets.xcassets */ = {isa = PBXFileReference; lastKnownFileType = folder.assetcatalog; path = Assets.xcassets; sourceTree = "<group>"; };
		359715FB20A899C1003676BE /* Base */ = {isa = PBXFileReference; lastKnownFileType = file.storyboard; name = Base; path = Base.lproj/LaunchScreen.storyboard; sourceTree = "<group>"; };
		359715FD20A899C1003676BE /* Info.plist */ = {isa = PBXFileReference; lastKnownFileType = text.plist.xml; path = Info.plist; sourceTree = "<group>"; };
/* End PBXFileReference section */

/* Begin PBXFrameworksBuildPhase section */
		359715EB20A899C0003676BE /* Frameworks */ = {
			isa = PBXFrameworksBuildPhase;
			buildActionMask = 2147483647;
			files = (
			);
			runOnlyForDeploymentPostprocessing = 0;
		};
/* End PBXFrameworksBuildPhase section */

/* Begin PBXGroup section */
		356310D520B343F4005B6371 /* Data Model */ = {
			isa = PBXGroup;
			children = (
				356310D320B343E1005B6371 /* Item.swift */,
			);
			path = "Data Model";
			sourceTree = "<group>";
		};
		356310D620B3443F005B6371 /* Controllers */ = {
			isa = PBXGroup;
			children = (
				359715F320A899C0003676BE /* TodoListViewController.swift */,
			);
			path = Controllers;
			sourceTree = "<group>";
		};
		356310D720B3444F005B6371 /* Views */ = {
			isa = PBXGroup;
			children = (
				359715F520A899C0003676BE /* Main.storyboard */,
			);
			path = Views;
			sourceTree = "<group>";
		};
		356310D820B34475005B6371 /* Supporting Files */ = {
			isa = PBXGroup;
			children = (
				359715F820A899C1003676BE /* Assets.xcassets */,
				359715FA20A899C1003676BE /* LaunchScreen.storyboard */,
			);
			path = "Supporting Files";
			sourceTree = "<group>";
		};
		359715E520A899C0003676BE = {
			isa = PBXGroup;
			children = (
				359715F020A899C0003676BE /* ToDli */,
				359715EF20A899C0003676BE /* Products */,
			);
			sourceTree = "<group>";
		};
		359715EF20A899C0003676BE /* Products */ = {
			isa = PBXGroup;
			children = (
				359715EE20A899C0003676BE /* ToDli.app */,
			);
			name = Products;
			sourceTree = "<group>";
		};
		359715F020A899C0003676BE /* ToDli */ = {
			isa = PBXGroup;
			children = (
				359715F120A899C0003676BE /* AppDelegate.swift */,
				356310D620B3443F005B6371 /* Controllers */,
				356310D520B343F4005B6371 /* Data Model */,
				356310D720B3444F005B6371 /* Views */,
				356310D820B34475005B6371 /* Supporting Files */,
				359715FD20A899C1003676BE /* Info.plist */,
			);
			path = ToDli;
			sourceTree = "<group>";
		};
/* End PBXGroup section */

/* Begin PBXNativeTarget section */
		359715ED20A899C0003676BE /* ToDli */ = {
			isa = PBXNativeTarget;
			buildConfigurationList = 3597160020A899C1003676BE /* Build configuration list for PBXNativeTarget "ToDli" */;
			buildPhases = (
				359715EA20A899C0003676BE /* Sources */,
				359715EB20A899C0003676BE /* Frameworks */,
				359715EC20A899C0003676BE /* Resources */,
			);
			buildRules = (
			);
			dependencies = (
			);
			name = ToDli;
			productName = ToDli;
			productReference = 359715EE20A899C0003676BE /* ToDli.app */;
			productType = "com.apple.product-type.application";
		};
/* End PBXNativeTarget section */

/* Begin PBXProject section */
		359715E620A899C0003676BE /* Project object */ = {
			isa = PBXProject;
			attributes = {
				LastSwiftUpdateCheck = 0930;
				LastUpgradeCheck = 0930;
				ORGANIZATIONNAME = "Alexey Trofimchuk";
				TargetAttributes = {
					359715ED20A899C0003676BE = {
						CreatedOnToolsVersion = 9.3;
					};
				};
			};
			buildConfigurationList = 359715E920A899C0003676BE /* Build configuration list for PBXProject "ToDli" */;
			compatibilityVersion = "Xcode 9.3";
			developmentRegion = en;
			hasScannedForEncodings = 0;
			knownRegions = (
				en,
				Base,
			);
			mainGroup = 359715E520A899C0003676BE;
			productRefGroup = 359715EF20A899C0003676BE /* Products */;
			projectDirPath = "";
			projectRoot = "";
			targets = (
				359715ED20A899C0003676BE /* ToDli */,
			);
		};
/* End PBXProject section */

/* Begin PBXResourcesBuildPhase section */
		359715EC20A899C0003676BE /* Resources */ = {
			isa = PBXResourcesBuildPhase;
			buildActionMask = 2147483647;
			files = (
				359715FC20A899C1003676BE /* LaunchScreen.storyboard in Resources */,
				359715F920A899C1003676BE /* Assets.xcassets in Resources */,
				359715F720A899C0003676BE /* Main.storyboard in Resources */,
			);
			runOnlyForDeploymentPostprocessing = 0;
		};
/* End PBXResourcesBuildPhase section */

/* Begin PBXSourcesBuildPhase section */
		359715EA20A899C0003676BE /* Sources */ = {
			isa = PBXSourcesBuildPhase;
			buildActionMask = 2147483647;
			files = (
				359715F420A899C0003676BE /* TodoListViewController.swift in Sources */,
				356310D420B343E1005B6371 /* Item.swift in Sources */,
				359715F220A899C0003676BE /* AppDelegate.swift in Sources */,
			);
			runOnlyForDeploymentPostprocessing = 0;
		};
/* End PBXSourcesBuildPhase section */

/* Begin PBXVariantGroup section */
		359715F520A899C0003676BE /* Main.storyboard */ = {
			isa = PBXVariantGroup;
			children = (
				359715F620A899C0003676BE /* Base */,
			);
			name = Main.storyboard;
			sourceTree = "<group>";
		};
		359715FA20A899C1003676BE /* LaunchScreen.storyboard */ = {
			isa = PBXVariantGroup;
			children = (
				359715FB20A899C1003676BE /* Base */,
			);
			name = LaunchScreen.storyboard;
			sourceTree = "<group>";
		};
/* End PBXVariantGroup section */

/* Begin XCBuildConfiguration section */
		359715FE20A899C1003676BE /* Debug */ = {
			isa = XCBuildConfiguration;
			buildSettings = {
				ALWAYS_SEARCH_USER_PATHS = NO;
				CLANG_ANALYZER_NONNULL = YES;
				CLANG_ANALYZER_NUMBER_OBJECT_CONVERSION = YES_AGGRESSIVE;
				CLANG_CXX_LANGUAGE_STANDARD = "gnu++14";
				CLANG_CXX_LIBRARY = "libc++";
				CLANG_ENABLE_MODULES = YES;
				CLANG_ENABLE_OBJC_ARC = YES;
				CLANG_ENABLE_OBJC_WEAK = YES;
				CLANG_WARN_BLOCK_CAPTURE_AUTORELEASING = YES;
				CLANG_WARN_BOOL_CONVERSION = YES;
				CLANG_WARN_COMMA = YES;
				CLANG_WARN_CONSTANT_CONVERSION = YES;
				CLANG_WARN_DEPRECATED_OBJC_IMPLEMENTATIONS = YES;
				CLANG_WARN_DIRECT_OBJC_ISA_USAGE = YES_ERROR;
				CLANG_WARN_DOCUMENTATION_COMMENTS = YES;
				CLANG_WARN_EMPTY_BODY = YES;
				CLANG_WARN_ENUM_CONVERSION = YES;
				CLANG_WARN_INFINITE_RECURSION = YES;
				CLANG_WARN_INT_CONVERSION = YES;
				CLANG_WARN_NON_LITERAL_NULL_CONVERSION = YES;
				CLANG_WARN_OBJC_IMPLICIT_RETAIN_SELF = YES;
				CLANG_WARN_OBJC_LITERAL_CONVERSION = YES;
				CLANG_WARN_OBJC_ROOT_CLASS = YES_ERROR;
				CLANG_WARN_RANGE_LOOP_ANALYSIS = YES;
				CLANG_WARN_STRICT_PROTOTYPES = YES;
				CLANG_WARN_SUSPICIOUS_MOVE = YES;
				CLANG_WARN_UNGUARDED_AVAILABILITY = YES_AGGRESSIVE;
				CLANG_WARN_UNREACHABLE_CODE = YES;
				CLANG_WARN__DUPLICATE_METHOD_MATCH = YES;
				CODE_SIGN_IDENTITY = "iPhone Developer";
				COPY_PHASE_STRIP = NO;
				DEBUG_INFORMATION_FORMAT = dwarf;
				ENABLE_STRICT_OBJC_MSGSEND = YES;
				ENABLE_TESTABILITY = YES;
				GCC_C_LANGUAGE_STANDARD = gnu11;
				GCC_DYNAMIC_NO_PIC = NO;
				GCC_NO_COMMON_BLOCKS = YES;
				GCC_OPTIMIZATION_LEVEL = 0;
				GCC_PREPROCESSOR_DEFINITIONS = (
					"DEBUG=1",
					"$(inherited)",
				);
				GCC_WARN_64_TO_32_BIT_CONVERSION = YES;
				GCC_WARN_ABOUT_RETURN_TYPE = YES_ERROR;
				GCC_WARN_UNDECLARED_SELECTOR = YES;
				GCC_WARN_UNINITIALIZED_AUTOS = YES_AGGRESSIVE;
				GCC_WARN_UNUSED_FUNCTION = YES;
				GCC_WARN_UNUSED_VARIABLE = YES;
				IPHONEOS_DEPLOYMENT_TARGET = 11.3;
				MTL_ENABLE_DEBUG_INFO = YES;
				ONLY_ACTIVE_ARCH = YES;
				SDKROOT = iphoneos;
				SWIFT_ACTIVE_COMPILATION_CONDITIONS = DEBUG;
				SWIFT_OPTIMIZATION_LEVEL = "-Onone";
			};
			name = Debug;
		};
		359715FF20A899C1003676BE /* Release */ = {
			isa = XCBuildConfiguration;
			buildSettings = {
				ALWAYS_SEARCH_USER_PATHS = NO;
				CLANG_ANALYZER_NONNULL = YES;
				CLANG_ANALYZER_NUMBER_OBJECT_CONVERSION = YES_AGGRESSIVE;
				CLANG_CXX_LANGUAGE_STANDARD = "gnu++14";
				CLANG_CXX_LIBRARY = "libc++";
				CLANG_ENABLE_MODULES = YES;
				CLANG_ENABLE_OBJC_ARC = YES;
				CLANG_ENABLE_OBJC_WEAK = YES;
				CLANG_WARN_BLOCK_CAPTURE_AUTORELEASING = YES;
				CLANG_WARN_BOOL_CONVERSION = YES;
				CLANG_WARN_COMMA = YES;
				CLANG_WARN_CONSTANT_CONVERSION = YES;
				CLANG_WARN_DEPRECATED_OBJC_IMPLEMENTATIONS = YES;
				CLANG_WARN_DIRECT_OBJC_ISA_USAGE = YES_ERROR;
				CLANG_WARN_DOCUMENTATION_COMMENTS = YES;
				CLANG_WARN_EMPTY_BODY = YES;
				CLANG_WARN_ENUM_CONVERSION = YES;
				CLANG_WARN_INFINITE_RECURSION = YES;
				CLANG_WARN_INT_CONVERSION = YES;
				CLANG_WARN_NON_LITERAL_NULL_CONVERSION = YES;
				CLANG_WARN_OBJC_IMPLICIT_RETAIN_SELF = YES;
				CLANG_WARN_OBJC_LITERAL_CONVERSION = YES;
				CLANG_WARN_OBJC_ROOT_CLASS = YES_ERROR;
				CLANG_WARN_RANGE_LOOP_ANALYSIS = YES;
				CLANG_WARN_STRICT_PROTOTYPES = YES;
				CLANG_WARN_SUSPICIOUS_MOVE = YES;
				CLANG_WARN_UNGUARDED_AVAILABILITY = YES_AGGRESSIVE;
				CLANG_WARN_UNREACHABLE_CODE = YES;
				CLANG_WARN__DUPLICATE_METHOD_MATCH = YES;
				CODE_SIGN_IDENTITY = "iPhone Developer";
				COPY_PHASE_STRIP = NO;
				DEBUG_INFORMATION_FORMAT = "dwarf-with-dsym";
				ENABLE_NS_ASSERTIONS = NO;
				ENABLE_STRICT_OBJC_MSGSEND = YES;
				GCC_C_LANGUAGE_STANDARD = gnu11;
				GCC_NO_COMMON_BLOCKS = YES;
				GCC_WARN_64_TO_32_BIT_CONVERSION = YES;
				GCC_WARN_ABOUT_RETURN_TYPE = YES_ERROR;
				GCC_WARN_UNDECLARED_SELECTOR = YES;
				GCC_WARN_UNINITIALIZED_AUTOS = YES_AGGRESSIVE;
				GCC_WARN_UNUSED_FUNCTION = YES;
				GCC_WARN_UNUSED_VARIABLE = YES;
				IPHONEOS_DEPLOYMENT_TARGET = 11.3;
				MTL_ENABLE_DEBUG_INFO = NO;
				SDKROOT = iphoneos;
				SWIFT_COMPILATION_MODE = wholemodule;
				SWIFT_OPTIMIZATION_LEVEL = "-O";
				VALIDATE_PRODUCT = YES;
			};
			name = Release;
		};
		3597160120A899C1003676BE /* Debug */ = {
			isa = XCBuildConfiguration;
			buildSettings = {
				ASSETCATALOG_COMPILER_APPICON_NAME = AppIcon;
				CODE_SIGN_STYLE = Automatic;
				DEVELOPMENT_TEAM = "";
				INFOPLIST_FILE = ToDli/Info.plist;
				LD_RUNPATH_SEARCH_PATHS = (
					"$(inherited)",
					"@executable_path/Frameworks",
				);
				PRODUCT_BUNDLE_IDENTIFIER = com.alexeytrofimchuk.ToDli;
				PRODUCT_NAME = "$(TARGET_NAME)";
				SWIFT_VERSION = 4.0;
				TARGETED_DEVICE_FAMILY = "1,2";
			};
			name = Debug;
		};
		3597160220A899C1003676BE /* Release */ = {
			isa = XCBuildConfiguration;
			buildSettings = {
				ASSETCATALOG_COMPILER_APPICON_NAME = AppIcon;
				CODE_SIGN_STYLE = Automatic;
				DEVELOPMENT_TEAM = "";
				INFOPLIST_FILE = ToDli/Info.plist;
				LD_RUNPATH_SEARCH_PATHS = (
					"$(inherited)",
					"@executable_path/Frameworks",
				);
				PRODUCT_BUNDLE_IDENTIFIER = com.alexeytrofimchuk.ToDli;
				PRODUCT_NAME = "$(TARGET_NAME)";
				SWIFT_VERSION = 4.0;
				TARGETED_DEVICE_FAMILY = "1,2";
			};
			name = Release;
		};
/* End XCBuildConfiguration section */

/* Begin XCConfigurationList section */
		359715E920A899C0003676BE /* Build configuration list for PBXProject "ToDli" */ = {
			isa = XCConfigurationList;
			buildConfigurations = (
				359715FE20A899C1003676BE /* Debug */,
				359715FF20A899C1003676BE /* Release */,
			);
			defaultConfigurationIsVisible = 0;
			defaultConfigurationName = Release;
		};
		3597160020A899C1003676BE /* Build configuration list for PBXNativeTarget "ToDli" */ = {
			isa = XCConfigurationList;
			buildConfigurations = (
				3597160120A899C1003676BE /* Debug */,
				3597160220A899C1003676BE /* Release */,
			);
			defaultConfigurationIsVisible = 0;
			defaultConfigurationName = Release;
		};
/* End XCConfigurationList section */
	};
	rootObject = 359715E620A899C0003676BE /* Project object */;
}
